
Microsoft Visual Studio Solution File, Format Version 12.00
# Visual Studio Version 16
VisualStudioVersion = 16.0.30804.86
MinimumVisualStudioVersion = 10.0.40219.1
Project("{D954291E-2A0B-460D-934E-DC6B0785DB48}") = "CleverDelivery.Shared", "CleverDelivery\CleverDelivery.Shared\CleverDelivery.Shared.shproj", "{D06510F9-A705-483D-8550-D55117C58EB7}"
EndProject
Project("{FAE04EC0-301F-11D3-BF4B-00C04F79EFBC}") = "CleverDelivery.iOS", "CleverDelivery\CleverDelivery.iOS\CleverDelivery.iOS.csproj", "{D83A944C-2F7C-47F4-9E49-07837F74F693}"
EndProject
Project("{FAE04EC0-301F-11D3-BF4B-00C04F79EFBC}") = "CleverDelivery.Android", "CleverDelivery\CleverDelivery.Android\CleverDelivery.Android.csproj", "{0E616674-D158-4661-A8D4-AF586FE50FA9}"
EndProject
Project("{FAE04EC0-301F-11D3-BF4B-00C04F79EFBC}") = "CleverDelivery.UWP", "CleverDelivery\CleverDelivery.UWP\CleverDelivery.UWP.csproj", "{80C9D340-E363-45DC-A5CA-962553719547}"
EndProject
Project("{D954291E-2A0B-460D-934E-DC6B0785DB48}") = "Xamarin.Forms.Core", "CleverDelivery\Xamarin.Forms.Core\Xamarin.Forms.Core.shproj", "{9FBF1BE8-6CC0-4DC2-BC5B-AB11181D64E3}"
EndProject
Project("{D954291E-2A0B-460D-934E-DC6B0785DB48}") = "Xamarin.Forms.Core.Charting", "CleverDelivery\Xamarin.Forms.Core.Charting\Xamarin.Forms.Core.Charting.shproj", "{DD5605E7-9492-427B-8CD8-3F0622E39248}"
EndProject
Project("{D954291E-2A0B-460D-934E-DC6B0785DB48}") = "Xamarin.Forms.CoreExcel", "CleverDelivery\Xamarin.Forms.CoreExcel\Xamarin.Forms.CoreExcel.shproj", "{8A0D1B1D-A18C-4DCA-A84C-8255E1501CF6}"
EndProject
Global
	GlobalSection(SharedMSBuildProjectFiles) = preSolution
		CleverDelivery\CleverDelivery.Shared\CleverDelivery.Shared.projitems*{0e616674-d158-4661-a8d4-af586fe50fa9}*SharedItemsImports = 4
		CleverDelivery\CleverDelivery.Shared\CleverDelivery.Shared.projitems*{80c9d340-e363-45dc-a5ca-962553719547}*SharedItemsImports = 4
		CleverDelivery\Xamarin.Forms.CoreExcel\Xamarin.Forms.CoreExcel.projitems*{8a0d1b1d-a18c-4dca-a84c-8255e1501cf6}*SharedItemsImports = 13
		CleverDelivery\Xamarin.Forms.Core\Xamarin.Forms.Core.projitems*{9fbf1be8-6cc0-4dc2-bc5b-ab11181d64e3}*SharedItemsImports = 13
		CleverDelivery\CleverDelivery.Shared\CleverDelivery.Shared.projitems*{d06510f9-a705-483d-8550-d55117c58eb7}*SharedItemsImports = 13
		CleverDelivery\CleverDelivery.Shared\CleverDelivery.Shared.projitems*{d83a944c-2f7c-47f4-9e49-07837f74f693}*SharedItemsImports = 4
		CleverDelivery\Xamarin.Forms.Core.Charting\Xamarin.Forms.Core.Charting.projitems*{dd5605e7-9492-427b-8cd8-3f0622e39248}*SharedItemsImports = 13
	EndGlobalSection
	GlobalSection(SolutionConfigurationPlatforms) = preSolution
		Ad-Hoc|Any CPU = Ad-Hoc|Any CPU
		Ad-Hoc|ARM = Ad-Hoc|ARM
		Ad-Hoc|ARM64 = Ad-Hoc|ARM64
		Ad-Hoc|iPhone = Ad-Hoc|iPhone
		Ad-Hoc|iPhoneSimulator = Ad-Hoc|iPhoneSimulator
		Ad-Hoc|x64 = Ad-Hoc|x64
		Ad-Hoc|x86 = Ad-Hoc|x86
		AppStore|Any CPU = AppStore|Any CPU
		AppStore|ARM = AppStore|ARM
		AppStore|ARM64 = AppStore|ARM64
		AppStore|iPhone = AppStore|iPhone
		AppStore|iPhoneSimulator = AppStore|iPhoneSimulator
		AppStore|x64 = AppStore|x64
		AppStore|x86 = AppStore|x86
		Debug|Any CPU = Debug|Any CPU
		Debug|ARM = Debug|ARM
		Debug|ARM64 = Debug|ARM64
		Debug|iPhone = Debug|iPhone
		Debug|iPhoneSimulator = Debug|iPhoneSimulator
		Debug|x64 = Debug|x64
		Debug|x86 = Debug|x86
		Release|Any CPU = Release|Any CPU
		Release|ARM = Release|ARM
		Release|ARM64 = Release|ARM64
		Release|iPhone = Release|iPhone
		Release|iPhoneSimulator = Release|iPhoneSimulator
		Release|x64 = Release|x64
		Release|x86 = Release|x86
	EndGlobalSection
	GlobalSection(ProjectConfigurationPlatforms) = postSolution
		{D83A944C-2F7C-47F4-9E49-07837F74F693}.Ad-Hoc|Any CPU.ActiveCfg = Ad-Hoc|iPhoneSimulator
		{D83A944C-2F7C-47F4-9E49-07837F74F693}.Ad-Hoc|ARM.ActiveCfg = Ad-Hoc|iPhoneSimulator
		{D83A944C-2F7C-47F4-9E49-07837F74F693}.Ad-Hoc|ARM64.ActiveCfg = Ad-Hoc|iPhoneSimulator
		{D83A944C-2F7C-47F4-9E49-07837F74F693}.Ad-Hoc|iPhone.ActiveCfg = Ad-Hoc|iPhone
		{D83A944C-2F7C-47F4-9E49-07837F74F693}.Ad-Hoc|iPhone.Build.0 = Ad-Hoc|iPhone
		{D83A944C-2F7C-47F4-9E49-07837F74F693}.Ad-Hoc|iPhoneSimulator.ActiveCfg = Ad-Hoc|iPhoneSimulator
		{D83A944C-2F7C-47F4-9E49-07837F74F693}.Ad-Hoc|iPhoneSimulator.Build.0 = Ad-Hoc|iPhoneSimulator
		{D83A944C-2F7C-47F4-9E49-07837F74F693}.Ad-Hoc|x64.ActiveCfg = Ad-Hoc|iPhoneSimulator
		{D83A944C-2F7C-47F4-9E49-07837F74F693}.Ad-Hoc|x86.ActiveCfg = Ad-Hoc|iPhoneSimulator
		{D83A944C-2F7C-47F4-9E49-07837F74F693}.AppStore|Any CPU.ActiveCfg = AppStore|iPhoneSimulator
		{D83A944C-2F7C-47F4-9E49-07837F74F693}.AppStore|ARM.ActiveCfg = AppStore|iPhoneSimulator
		{D83A944C-2F7C-47F4-9E49-07837F74F693}.AppStore|ARM64.ActiveCfg = AppStore|iPhoneSimulator
		{D83A944C-2F7C-47F4-9E49-07837F74F693}.AppStore|iPhone.ActiveCfg = AppStore|iPhone
		{D83A944C-2F7C-47F4-9E49-07837F74F693}.AppStore|iPhone.Build.0 = AppStore|iPhone
		{D83A944C-2F7C-47F4-9E49-07837F74F693}.AppStore|iPhoneSimulator.ActiveCfg = AppStore|iPhoneSimulator
		{D83A944C-2F7C-47F4-9E49-07837F74F693}.AppStore|iPhoneSimulator.Build.0 = AppStore|iPhoneSimulator
		{D83A944C-2F7C-47F4-9E49-07837F74F693}.AppStore|x64.ActiveCfg = AppStore|iPhoneSimulator
		{D83A944C-2F7C-47F4-9E49-07837F74F693}.AppStore|x86.ActiveCfg = AppStore|iPhoneSimulator
		{D83A944C-2F7C-47F4-9E49-07837F74F693}.Debug|Any CPU.ActiveCfg = Debug|iPhoneSimulator
		{D83A944C-2F7C-47F4-9E49-07837F74F693}.Debug|ARM.ActiveCfg = Debug|iPhoneSimulator
		{D83A944C-2F7C-47F4-9E49-07837F74F693}.Debug|ARM64.ActiveCfg = Debug|iPhoneSimulator
		{D83A944C-2F7C-47F4-9E49-07837F74F693}.Debug|iPhone.ActiveCfg = Debug|iPhone
		{D83A944C-2F7C-47F4-9E49-07837F74F693}.Debug|iPhone.Build.0 = Debug|iPhone
		{D83A944C-2F7C-47F4-9E49-07837F74F693}.Debug|iPhoneSimulator.ActiveCfg = Debug|iPhoneSimulator
		{D83A944C-2F7C-47F4-9E49-07837F74F693}.Debug|iPhoneSimulator.Build.0 = Debug|iPhoneSimulator
		{D83A944C-2F7C-47F4-9E49-07837F74F693}.Debug|x64.ActiveCfg = Debug|iPhoneSimulator
		{D83A944C-2F7C-47F4-9E49-07837F74F693}.Debug|x86.ActiveCfg = Debug|iPhoneSimulator
		{D83A944C-2F7C-47F4-9E49-07837F74F693}.Release|Any CPU.ActiveCfg = Release|iPhoneSimulator
		{D83A944C-2F7C-47F4-9E49-07837F74F693}.Release|ARM.ActiveCfg = Release|iPhoneSimulator
		{D83A944C-2F7C-47F4-9E49-07837F74F693}.Release|ARM64.ActiveCfg = Release|iPhoneSimulator
		{D83A944C-2F7C-47F4-9E49-07837F74F693}.Release|iPhone.ActiveCfg = Release|iPhone
		{D83A944C-2F7C-47F4-9E49-07837F74F693}.Release|iPhone.Build.0 = Release|iPhone
		{D83A944C-2F7C-47F4-9E49-07837F74F693}.Release|iPhoneSimulator.ActiveCfg = Release|iPhoneSimulator
		{D83A944C-2F7C-47F4-9E49-07837F74F693}.Release|iPhoneSimulator.Build.0 = Release|iPhoneSimulator
		{D83A944C-2F7C-47F4-9E49-07837F74F693}.Release|x64.ActiveCfg = Release|iPhoneSimulator
		{D83A944C-2F7C-47F4-9E49-07837F74F693}.Release|x86.ActiveCfg = Release|iPhoneSimulator
		{0E616674-D158-4661-A8D4-AF586FE50FA9}.Ad-Hoc|Any CPU.ActiveCfg = Debug|Any CPU
		{0E616674-D158-4661-A8D4-AF586FE50FA9}.Ad-Hoc|Any CPU.Build.0 = Debug|Any CPU
		{0E616674-D158-4661-A8D4-AF586FE50FA9}.Ad-Hoc|Any CPU.Deploy.0 = Debug|Any CPU
		{0E616674-D158-4661-A8D4-AF586FE50FA9}.Ad-Hoc|ARM.ActiveCfg = Debug|Any CPU
		{0E616674-D158-4661-A8D4-AF586FE50FA9}.Ad-Hoc|ARM.Build.0 = Debug|Any CPU
		{0E616674-D158-4661-A8D4-AF586FE50FA9}.Ad-Hoc|ARM.Deploy.0 = Debug|Any CPU
		{0E616674-D158-4661-A8D4-AF586FE50FA9}.Ad-Hoc|ARM64.ActiveCfg = Debug|Any CPU
		{0E616674-D158-4661-A8D4-AF586FE50FA9}.Ad-Hoc|ARM64.Build.0 = Debug|Any CPU
		{0E616674-D158-4661-A8D4-AF586FE50FA9}.Ad-Hoc|ARM64.Deploy.0 = Debug|Any CPU
		{0E616674-D158-4661-A8D4-AF586FE50FA9}.Ad-Hoc|iPhone.ActiveCfg = Debug|Any CPU
		{0E616674-D158-4661-A8D4-AF586FE50FA9}.Ad-Hoc|iPhone.Build.0 = Debug|Any CPU
		{0E616674-D158-4661-A8D4-AF586FE50FA9}.Ad-Hoc|iPhone.Deploy.0 = Debug|Any CPU
		{0E616674-D158-4661-A8D4-AF586FE50FA9}.Ad-Hoc|iPhoneSimulator.ActiveCfg = Debug|Any CPU
		{0E616674-D158-4661-A8D4-AF586FE50FA9}.Ad-Hoc|iPhoneSimulator.Build.0 = Debug|Any CPU
		{0E616674-D158-4661-A8D4-AF586FE50FA9}.Ad-Hoc|iPhoneSimulator.Deploy.0 = Debug|Any CPU
		{0E616674-D158-4661-A8D4-AF586FE50FA9}.Ad-Hoc|x64.ActiveCfg = Debug|Any CPU
		{0E616674-D158-4661-A8D4-AF586FE50FA9}.Ad-Hoc|x64.Build.0 = Debug|Any CPU
		{0E616674-D158-4661-A8D4-AF586FE50FA9}.Ad-Hoc|x64.Deploy.0 = Debug|Any CPU
		{0E616674-D158-4661-A8D4-AF586FE50FA9}.Ad-Hoc|x86.ActiveCfg = Debug|Any CPU
		{0E616674-D158-4661-A8D4-AF586FE50FA9}.Ad-Hoc|x86.Build.0 = Debug|Any CPU
		{0E616674-D158-4661-A8D4-AF586FE50FA9}.Ad-Hoc|x86.Deploy.0 = Debug|Any CPU
		{0E616674-D158-4661-A8D4-AF586FE50FA9}.AppStore|Any CPU.ActiveCfg = Debug|Any CPU
		{0E616674-D158-4661-A8D4-AF586FE50FA9}.AppStore|Any CPU.Build.0 = Debug|Any CPU
		{0E616674-D158-4661-A8D4-AF586FE50FA9}.AppStore|Any CPU.Deploy.0 = Debug|Any CPU
		{0E616674-D158-4661-A8D4-AF586FE50FA9}.AppStore|ARM.ActiveCfg = Debug|Any CPU
		{0E616674-D158-4661-A8D4-AF586FE50FA9}.AppStore|ARM.Build.0 = Debug|Any CPU
		{0E616674-D158-4661-A8D4-AF586FE50FA9}.AppStore|ARM.Deploy.0 = Debug|Any CPU
		{0E616674-D158-4661-A8D4-AF586FE50FA9}.AppStore|ARM64.ActiveCfg = Debug|Any CPU
		{0E616674-D158-4661-A8D4-AF586FE50FA9}.AppStore|ARM64.Build.0 = Debug|Any CPU
		{0E616674-D158-4661-A8D4-AF586FE50FA9}.AppStore|ARM64.Deploy.0 = Debug|Any CPU
		{0E616674-D158-4661-A8D4-AF586FE50FA9}.AppStore|iPhone.ActiveCfg = Debug|Any CPU
		{0E616674-D158-4661-A8D4-AF586FE50FA9}.AppStore|iPhone.Build.0 = Debug|Any CPU
		{0E616674-D158-4661-A8D4-AF586FE50FA9}.AppStore|iPhone.Deploy.0 = Debug|Any CPU
		{0E616674-D158-4661-A8D4-AF586FE50FA9}.AppStore|iPhoneSimulator.ActiveCfg = Debug|Any CPU
		{0E616674-D158-4661-A8D4-AF586FE50FA9}.AppStore|iPhoneSimulator.Build.0 = Debug|Any CPU
		{0E616674-D158-4661-A8D4-AF586FE50FA9}.AppStore|iPhoneSimulator.Deploy.0 = Debug|Any CPU
		{0E616674-D158-4661-A8D4-AF586FE50FA9}.AppStore|x64.ActiveCfg = Debug|Any CPU
		{0E616674-D158-4661-A8D4-AF586FE50FA9}.AppStore|x64.Build.0 = Debug|Any CPU
		{0E616674-D158-4661-A8D4-AF586FE50FA9}.AppStore|x64.Deploy.0 = Debug|Any CPU
		{0E616674-D158-4661-A8D4-AF586FE50FA9}.AppStore|x86.ActiveCfg = Debug|Any CPU
		{0E616674-D158-4661-A8D4-AF586FE50FA9}.AppStore|x86.Build.0 = Debug|Any CPU
		{0E616674-D158-4661-A8D4-AF586FE50FA9}.AppStore|x86.Deploy.0 = Debug|Any CPU
		{0E616674-D158-4661-A8D4-AF586FE50FA9}.Debug|Any CPU.ActiveCfg = Debug|Any CPU
		{0E616674-D158-4661-A8D4-AF586FE50FA9}.Debug|Any CPU.Build.0 = Debug|Any CPU
		{0E616674-D158-4661-A8D4-AF586FE50FA9}.Debug|Any CPU.Deploy.0 = Debug|Any CPU
		{0E616674-D158-4661-A8D4-AF586FE50FA9}.Debug|ARM.ActiveCfg = Debug|Any CPU
		{0E616674-D158-4661-A8D4-AF586FE50FA9}.Debug|ARM.Build.0 = Debug|Any CPU
		{0E616674-D158-4661-A8D4-AF586FE50FA9}.Debug|ARM.Deploy.0 = Debug|Any CPU
		{0E616674-D158-4661-A8D4-AF586FE50FA9}.Debug|ARM64.ActiveCfg = Debug|Any CPU
		{0E616674-D158-4661-A8D4-AF586FE50FA9}.Debug|ARM64.Build.0 = Debug|Any CPU
		{0E616674-D158-4661-A8D4-AF586FE50FA9}.Debug|ARM64.Deploy.0 = Debug|Any CPU
		{0E616674-D158-4661-A8D4-AF586FE50FA9}.Debug|iPhone.ActiveCfg = Debug|Any CPU
		{0E616674-D158-4661-A8D4-AF586FE50FA9}.Debug|iPhone.Build.0 = Debug|Any CPU
		{0E616674-D158-4661-A8D4-AF586FE50FA9}.Debug|iPhone.Deploy.0 = Debug|Any CPU
		{0E616674-D158-4661-A8D4-AF586FE50FA9}.Debug|iPhoneSimulator.ActiveCfg = Debug|Any CPU
		{0E616674-D158-4661-A8D4-AF586FE50FA9}.Debug|iPhoneSimulator.Build.0 = Debug|Any CPU
		{0E616674-D158-4661-A8D4-AF586FE50FA9}.Debug|iPhoneSimulator.Deploy.0 = Debug|Any CPU
		{0E616674-D158-4661-A8D4-AF586FE50FA9}.Debug|x64.ActiveCfg = Debug|Any CPU
		{0E616674-D158-4661-A8D4-AF586FE50FA9}.Debug|x64.Build.0 = Debug|Any CPU
		{0E616674-D158-4661-A8D4-AF586FE50FA9}.Debug|x64.Deploy.0 = Debug|Any CPU
		{0E616674-D158-4661-A8D4-AF586FE50FA9}.Debug|x86.ActiveCfg = Debug|Any CPU
		{0E616674-D158-4661-A8D4-AF586FE50FA9}.Debug|x86.Build.0 = Debug|Any CPU
		{0E616674-D158-4661-A8D4-AF586FE50FA9}.Debug|x86.Deploy.0 = Debug|Any CPU
		{0E616674-D158-4661-A8D4-AF586FE50FA9}.Release|Any CPU.ActiveCfg = Release|Any CPU
		{0E616674-D158-4661-A8D4-AF586FE50FA9}.Release|Any CPU.Build.0 = Release|Any CPU
		{0E616674-D158-4661-A8D4-AF586FE50FA9}.Release|Any CPU.Deploy.0 = Release|Any CPU
		{0E616674-D158-4661-A8D4-AF586FE50FA9}.Release|ARM.ActiveCfg = Release|Any CPU
		{0E616674-D158-4661-A8D4-AF586FE50FA9}.Release|ARM.Build.0 = Release|Any CPU
		{0E616674-D158-4661-A8D4-AF586FE50FA9}.Release|ARM.Deploy.0 = Release|Any CPU
		{0E616674-D158-4661-A8D4-AF586FE50FA9}.Release|ARM64.ActiveCfg = Release|Any CPU
		{0E616674-D158-4661-A8D4-AF586FE50FA9}.Release|ARM64.Build.0 = Release|Any CPU
		{0E616674-D158-4661-A8D4-AF586FE50FA9}.Release|ARM64.Deploy.0 = Release|Any CPU
		{0E616674-D158-4661-A8D4-AF586FE50FA9}.Release|iPhone.ActiveCfg = Release|Any CPU
		{0E616674-D158-4661-A8D4-AF586FE50FA9}.Release|iPhone.Build.0 = Release|Any CPU
		{0E616674-D158-4661-A8D4-AF586FE50FA9}.Release|iPhone.Deploy.0 = Release|Any CPU
		{0E616674-D158-4661-A8D4-AF586FE50FA9}.Release|iPhoneSimulator.ActiveCfg = Release|Any CPU
		{0E616674-D158-4661-A8D4-AF586FE50FA9}.Release|iPhoneSimulator.Build.0 = Release|Any CPU
		{0E616674-D158-4661-A8D4-AF586FE50FA9}.Release|iPhoneSimulator.Deploy.0 = Release|Any CPU
		{0E616674-D158-4661-A8D4-AF586FE50FA9}.Release|x64.ActiveCfg = Release|Any CPU
		{0E616674-D158-4661-A8D4-AF586FE50FA9}.Release|x64.Build.0 = Release|Any CPU
		{0E616674-D158-4661-A8D4-AF586FE50FA9}.Release|x64.Deploy.0 = Release|Any CPU
		{0E616674-D158-4661-A8D4-AF586FE50FA9}.Release|x86.ActiveCfg = Release|Any CPU
		{0E616674-D158-4661-A8D4-AF586FE50FA9}.Release|x86.Build.0 = Release|Any CPU
		{0E616674-D158-4661-A8D4-AF586FE50FA9}.Release|x86.Deploy.0 = Release|Any CPU
		{80C9D340-E363-45DC-A5CA-962553719547}.Ad-Hoc|Any CPU.ActiveCfg = Debug|x86
		{80C9D340-E363-45DC-A5CA-962553719547}.Ad-Hoc|Any CPU.Build.0 = Debug|x86
		{80C9D340-E363-45DC-A5CA-962553719547}.Ad-Hoc|Any CPU.Deploy.0 = Debug|x86
		{80C9D340-E363-45DC-A5CA-962553719547}.Ad-Hoc|ARM.ActiveCfg = Debug|ARM
		{80C9D340-E363-45DC-A5CA-962553719547}.Ad-Hoc|ARM.Build.0 = Debug|ARM
		{80C9D340-E363-45DC-A5CA-962553719547}.Ad-Hoc|ARM.Deploy.0 = Debug|ARM
		{80C9D340-E363-45DC-A5CA-962553719547}.Ad-Hoc|ARM64.ActiveCfg = Debug|ARM64
		{80C9D340-E363-45DC-A5CA-962553719547}.Ad-Hoc|ARM64.Build.0 = Debug|ARM64
		{80C9D340-E363-45DC-A5CA-962553719547}.Ad-Hoc|ARM64.Deploy.0 = Debug|ARM64
		{80C9D340-E363-45DC-A5CA-962553719547}.Ad-Hoc|iPhone.ActiveCfg = Debug|x86
		{80C9D340-E363-45DC-A5CA-962553719547}.Ad-Hoc|iPhone.Build.0 = Debug|x86
		{80C9D340-E363-45DC-A5CA-962553719547}.Ad-Hoc|iPhone.Deploy.0 = Debug|x86
		{80C9D340-E363-45DC-A5CA-962553719547}.Ad-Hoc|iPhoneSimulator.ActiveCfg = Debug|x86
		{80C9D340-E363-45DC-A5CA-962553719547}.Ad-Hoc|iPhoneSimulator.Build.0 = Debug|x86
		{80C9D340-E363-45DC-A5CA-962553719547}.Ad-Hoc|iPhoneSimulator.Deploy.0 = Debug|x86
		{80C9D340-E363-45DC-A5CA-962553719547}.Ad-Hoc|x64.ActiveCfg = Debug|x64
		{80C9D340-E363-45DC-A5CA-962553719547}.Ad-Hoc|x64.Build.0 = Debug|x64
		{80C9D340-E363-45DC-A5CA-962553719547}.Ad-Hoc|x64.Deploy.0 = Debug|x64
		{80C9D340-E363-45DC-A5CA-962553719547}.Ad-Hoc|x86.ActiveCfg = Debug|x86
		{80C9D340-E363-45DC-A5CA-962553719547}.Ad-Hoc|x86.Build.0 = Debug|x86
		{80C9D340-E363-45DC-A5CA-962553719547}.Ad-Hoc|x86.Deploy.0 = Debug|x86
		{80C9D340-E363-45DC-A5CA-962553719547}.AppStore|Any CPU.ActiveCfg = Debug|x86
		{80C9D340-E363-45DC-A5CA-962553719547}.AppStore|Any CPU.Build.0 = Debug|x86
		{80C9D340-E363-45DC-A5CA-962553719547}.AppStore|Any CPU.Deploy.0 = Debug|x86
		{80C9D340-E363-45DC-A5CA-962553719547}.AppStore|ARM.ActiveCfg = Debug|ARM
		{80C9D340-E363-45DC-A5CA-962553719547}.AppStore|ARM.Build.0 = Debug|ARM
		{80C9D340-E363-45DC-A5CA-962553719547}.AppStore|ARM.Deploy.0 = Debug|ARM
		{80C9D340-E363-45DC-A5CA-962553719547}.AppStore|ARM64.ActiveCfg = Debug|ARM64
		{80C9D340-E363-45DC-A5CA-962553719547}.AppStore|ARM64.Build.0 = Debug|ARM64
		{80C9D340-E363-45DC-A5CA-962553719547}.AppStore|ARM64.Deploy.0 = Debug|ARM64
		{80C9D340-E363-45DC-A5CA-962553719547}.AppStore|iPhone.ActiveCfg = Debug|x86
		{80C9D340-E363-45DC-A5CA-962553719547}.AppStore|iPhone.Build.0 = Debug|x86
		{80C9D340-E363-45DC-A5CA-962553719547}.AppStore|iPhone.Deploy.0 = Debug|x86
		{80C9D340-E363-45DC-A5CA-962553719547}.AppStore|iPhoneSimulator.ActiveCfg = Debug|x86
		{80C9D340-E363-45DC-A5CA-962553719547}.AppStore|iPhoneSimulator.Build.0 = Debug|x86
		{80C9D340-E363-45DC-A5CA-962553719547}.AppStore|iPhoneSimulator.Deploy.0 = Debug|x86
		{80C9D340-E363-45DC-A5CA-962553719547}.AppStore|x64.ActiveCfg = Debug|x64
		{80C9D340-E363-45DC-A5CA-962553719547}.AppStore|x64.Build.0 = Debug|x64
		{80C9D340-E363-45DC-A5CA-962553719547}.AppStore|x64.Deploy.0 = Debug|x64
		{80C9D340-E363-45DC-A5CA-962553719547}.AppStore|x86.ActiveCfg = Debug|x86
		{80C9D340-E363-45DC-A5CA-962553719547}.AppStore|x86.Build.0 = Debug|x86
		{80C9D340-E363-45DC-A5CA-962553719547}.AppStore|x86.Deploy.0 = Debug|x86
		{80C9D340-E363-45DC-A5CA-962553719547}.Debug|Any CPU.ActiveCfg = Debug|x86
		{80C9D340-E363-45DC-A5CA-962553719547}.Debug|ARM.ActiveCfg = Debug|ARM
		{80C9D340-E363-45DC-A5CA-962553719547}.Debug|ARM.Build.0 = Debug|ARM
		{80C9D340-E363-45DC-A5CA-962553719547}.Debug|ARM.Deploy.0 = Debug|ARM
		{80C9D340-E363-45DC-A5CA-962553719547}.Debug|ARM64.ActiveCfg = Debug|ARM64
		{80C9D340-E363-45DC-A5CA-962553719547}.Debug|ARM64.Build.0 = Debug|ARM64
		{80C9D340-E363-45DC-A5CA-962553719547}.Debug|ARM64.Deploy.0 = Debug|ARM64
		{80C9D340-E363-45DC-A5CA-962553719547}.Debug|iPhone.ActiveCfg = Debug|x86
		{80C9D340-E363-45DC-A5CA-962553719547}.Debug|iPhoneSimulator.ActiveCfg = Debug|x86
		{80C9D340-E363-45DC-A5CA-962553719547}.Debug|x64.ActiveCfg = Debug|x64
		{80C9D340-E363-45DC-A5CA-962553719547}.Debug|x64.Build.0 = Debug|x64
		{80C9D340-E363-45DC-A5CA-962553719547}.Debug|x64.Deploy.0 = Debug|x64
		{80C9D340-E363-45DC-A5CA-962553719547}.Debug|x86.ActiveCfg = Debug|x86
		{80C9D340-E363-45DC-A5CA-962553719547}.Debug|x86.Build.0 = Debug|x86
		{80C9D340-E363-45DC-A5CA-962553719547}.Debug|x86.Deploy.0 = Debug|x86
		{80C9D340-E363-45DC-A5CA-962553719547}.Release|Any CPU.ActiveCfg = Release|x86
		{80C9D340-E363-45DC-A5CA-962553719547}.Release|ARM.ActiveCfg = Release|ARM
		{80C9D340-E363-45DC-A5CA-962553719547}.Release|ARM.Build.0 = Release|ARM
		{80C9D340-E363-45DC-A5CA-962553719547}.Release|ARM.Deploy.0 = Release|ARM
		{80C9D340-E363-45DC-A5CA-962553719547}.Release|ARM64.ActiveCfg = Release|ARM64
		{80C9D340-E363-45DC-A5CA-962553719547}.Release|ARM64.Build.0 = Release|ARM64
		{80C9D340-E363-45DC-A5CA-962553719547}.Release|ARM64.Deploy.0 = Release|ARM64
		{80C9D340-E363-45DC-A5CA-962553719547}.Release|iPhone.ActiveCfg = Release|x86
		{80C9D340-E363-45DC-A5CA-962553719547}.Release|iPhoneSimulator.ActiveCfg = Release|x86
		{80C9D340-E363-45DC-A5CA-962553719547}.Release|x64.ActiveCfg = Release|x64
		{80C9D340-E363-45DC-A5CA-962553719547}.Release|x64.Build.0 = Release|x64
		{80C9D340-E363-45DC-A5CA-962553719547}.Release|x64.Deploy.0 = Release|x64
		{80C9D340-E363-45DC-A5CA-962553719547}.Release|x86.ActiveCfg = Release|x86
		{80C9D340-E363-45DC-A5CA-962553719547}.Release|x86.Build.0 = Release|x86
		{80C9D340-E363-45DC-A5CA-962553719547}.Release|x86.Deploy.0 = Release|x86
	EndGlobalSection
	GlobalSection(SolutionProperties) = preSolution
		HideSolutionNode = FALSE
	EndGlobalSection
	GlobalSection(ExtensibilityGlobals) = postSolution
		SolutionGuid = {B577969F-8F03-49CF-ABBC-3C377D79A6EF}
	EndGlobalSection
EndGlobal
